github.com/Azure/azure-sdk-for-go/sdk/azcore v1.18.2 h1:Hr5FTipp7SL07o2FvoVOX9HRiRH3CR3Mj8pxqCcdD5A=
github.com/Azure/azure-sdk-for-go/sdk/azcore v1.18.2/go.mod h1:QyVsSSN64v5TGltphKLQ2sQxe4OBQg0J1eKRcVBnfgE=
github.com/Azure/azure-sdk-for-go/sdk/internal v1.11.2 h1:9iefClla7iYpfYWdzPCRDozdmndjTm8DXdpCzPajMgA=
github.com/Azure/azure-sdk-for-go/sdk/internal v1.11.2/go.mod h1:XtLgD3ZD34DAaVIIAyG3objl5DynM3CQ/vMcbBNJZGI=
github.com/BurntSushi/toml v1.1.0 h1:ksErzDEI1khOiGPgpwuI7x2ebx/uXQNw7xJpn9Eq1+I=
github.com/BurntSushi/toml v1.1.0/go.mod h1:CxXYINrC8qIiEnFrOxCa7Jy5BFHlXnUU2pbicEuybxQ=
github.com/akamensky/argparse v1.4.0 h1:YGzvsTqCvbEZhL8zZu2AiA5nq805NZh75JNj4ajn1xc=
github.com/akamensky/argparse v1.4.0/go.mod h1:S5kwC7IuDcEr5VeXtGPRVZ5o/FdhcMlQz4IZQuw64xA=
github.com/davecgh/go-spew v1.1.1 h1:vj9j/u1bqnvCEfJOwUhtlOARqs3+rkHYY13jYWTU97c=
github.com/davecgh/go-spew v1.1.1/go.mod h1:J7Y8YcW2NihsgmVo/mv3lAwl/skON4iLHjSsI+c5H38=
github.com/go-logr/logr v1.2.2/go.mod h1:jdQByPbusPIv2/zmleS9BjJVeZ6kBagPoEUsqbVz/1A=
github.com/go-logr/logr v1.4.2 h1:6pFjapn8bFcIbiKo3XT4j/BhANplGihG6tvd+8rYgrY=
github.com/go-logr/logr v1.4.2/go.mod h1:9T104GzyrTigFIr8wt5mBrctHMim0Nb2HLGrmQ40KvY=
github.com/go-logr/stdr v1.2.2 h1:hSWxHoqTgW2S2qGc0LTAI563KZ5YKYRhT3MFKZMbjag=
github.com/go-logr/stdr v1.2.2/go.mod h1:mMo/vtBO5dYbehREoey6XUKy/eSumjCCveDpRre4VKE=
github.com/google/uuid v1.6.0 h1:NIvaJDMOsjHA8n1jAhLSgzrAzy1Hgr+hNrb57e+94F0=
github.com/google/uuid v1.6.0/go.mod h1:TIyPZe4MgqvfeYDBFedMoGGpEw/LqOeaOT+nhxU+yHo=
github.com/gorilla/websocket v1.5.0 h1:PPwGk2jz7EePpoHN/+ClbZu8SPxiqlu12wZP/3sWmnc=
github.com/gorilla/websocket v1.5.0/go.mod h1:YR8l580nyteQvAITg2hZ9XVh4b55+EU/adAjf1fMHhE=
github.com/microsoft/kiota-abstractions-go v1.9.3 h1:cqhbqro+VynJ7kObmo7850h3WN2SbvoyhypPn8uJ1SE=
github.com/microsoft/kiota-abstractions-go v1.9.3/go.mod h1:f06pl3qSyvUHEfVNkiRpXPkafx7khZqQEb71hN/pmuU=
github.com/microsoft/kiota-authentication-azure-go v1.3.0 h1:PWH6PgtzhJjnmvR6N1CFjriwX09Kv7S5K3vL6VbPVrg=
github.com/microsoft/kiota-authentication-azure-go v1.3.0/go.mod h1:l/MPGUVvD7xfQ+MYSdZaFPv0CsLDqgSOp8mXwVgArIs=
github.com/microsoft/kiota-http-go v1.5.2 h1:xqvo4ssWwSvCJw2yuRocKFTxm3Y1iN+a4rrhuTYtBWg=
github.com/microsoft/kiota-http-go v1.5.2/go.mod h1:L+5Ri+SzwELnUcNA0cpbFKp/pBbvypLh3Cd1PR6sjx0=
github.com/microsoft/kiota-serialization-form-go v1.1.2 h1:SD6MATqNw+Dc5beILlsb/D87C36HKC/Zw7l+N9+HY2A=
github.com/microsoft/kiota-serialization-form-go v1.1.2/go.mod h1:m4tY2JT42jAZmgbqFwPy3zGDF+NPJACuyzmjNXeuHio=
github.com/microsoft/kiota-serialization-json-go v1.1.2 h1:eJrPWeQ665nbjO0gsHWJ0Bw6V/ZHHU1OfFPaYfRG39k=
github.com/microsoft/kiota-serialization-json-go v1.1.2/go.mod h1:deaGt7fjZarywyp7TOTiRsjfYiyWxwJJPQZytXwYQn8=
github.com/microsoft/kiota-serialization-multipart-go v1.1.2 h1:1pUyA1QgIeKslQwbk7/ox1TehjlCUUT3r1f8cNlkvn4=
github.com/microsoft/kiota-serialization-multipart-go v1.1.2/go.mod h1:j2K7ZyYErloDu7Kuuk993DsvfoP7LPWvAo7rfDpdPio=
github.com/microsoft/kiota-serialization-text-go v1.1.2 h1:7OfKFlzdjpPygca/+OtqafkEqCWR7+94efUFGC28cLw=
github.com/microsoft/kiota-serialization-text-go v1.1.2/go.mod h1:QNTcswkBPFY3QVBFmzfk00UMNViKQtV0AQKCrRw5ibM=
github.com/microsoftgraph/msgraph-sdk-go v1.84.0 h1:XFxBxohWE3pJi6Rqau3nrP1jH4pLwJqIPoL4TjzQEtM=
github.com/microsoftgraph/msgraph-sdk-go v1.84.0/go.mod h1:vZjQkQLX2vma7uMxvFHjSmy1edTOMkkWn6DhzVR55m8=
github.com/microsoftgraph/msgraph-sdk-go-core v1.3.2 h1:5jCUSosTKaINzPPQXsz7wsHWwknyBmJSu8+ZWxx3kdQ=
github.com/microsoftgraph/msgraph-sdk-go-core v1.3.2/go.mod h1:iD75MK3LX8EuwjDYCmh0hkojKXK6VKME33u4daCo3cE=
github.com/mitchellh/go-ps v1.0.0 h1:i6ampVEEF4wQFF+bkYfwYgY+F/uYJDktmvLPf7qIgjc=
github.com/mitchellh/go-ps v1.0.0/go.mod h1:J4lOc8z8yJs6vUwklHw2XEIiT4z4C40KtWVN3nvg8Pg=
github.com/my10c/packages-go/is v0.0.0-20230717011209-51a83962742b h1:AiOVGnr2LOmHwTj7iqog38eLLRmC1bOw8SiGbyfs9Og=
github.com/my10c/packages-go/is v0.0.0-20230717011209-51a83962742b/go.mod h1:JKZ52h1C1OCH38hP6RD2Ocx0eDFbXwhy7YZLyRFbPLM=
github.com/my10c/packages-go/print v0.0.0-20230717011209-51a83962742b h1:w1TFPs2JNnO1yYyqrV08r2BLbzaEc9s6ciqnltvyfsY=
github.com/my10c/packages-go/print v0.0.0-20230717011209-51a83962742b/go.mod h1:OMG/EviVM7GD0gp22TRQuydJW2RkXBjfeegp3bW5K6U=
github.com/pmezard/go-difflib v1.0.0 h1:4DBwDE0NGyQoBHbLQYPwSUPoCMWR5BEzIk/f1lZbAQM=
github.com/pmezard/go-difflib v1.0.0/go.mod h1:iKH77koFhYxTK1pcRnkKkqfTogsbg7gZNVY4sRDYZ/4=
github.com/std-uritemplate/std-uritemplate/go/v2 v2.0.3 h1:7hth9376EoQEd1hH4lAp3vnaLP2UMyxuMMghLKzDHyU=
github.com/std-uritemplate/std-uritemplate/go/v2 v2.0.3/go.mod h1:Z5KcoM0YLC7INlNhEezeIZ0TZNYf7WSNO0Lvah4DSeQ=
github.com/stretchr/testify v1.10.0 h1:Xv5erBjTwe/5IxqUQTdXv5kgmIvbHo3QQyRwhJsOfJA=
github.com/stretchr/testify v1.10.0/go.mod h1:r2ic/lqez/lEtzL7wO/rwa5dbSLXVDPFyf8C91i36aY=
go.opentelemetry.io/auto/sdk v1.1.0 h1:cH53jehLUN6UFLY71z+NDOiNJqDdPRaXzTel0sJySYA=
go.opentelemetry.io/auto/sdk v1.1.0/go.mod h1:3wSPjt5PWp2RhlCcmmOial7AvC4DQqZb7a7wCow3W8A=
go.opentelemetry.io/otel v1.35.0 h1:xKWKPxrxB6OtMCbmMY021CqC45J+3Onta9MqjhnusiQ=
go.opentelemetry.io/otel v1.35.0/go.mod h1:UEqy8Zp11hpkUrL73gSlELM0DupHoiq72dR+Zqel/+Y=
go.opentelemetry.io/otel/metric v1.35.0 h1:0znxYu2SNyuMSQT4Y9WDWej0VpcsxkuklLa4/siN90M=
go.opentelemetry.io/otel/metric v1.35.0/go.mod h1:nKVFgxBZ2fReX6IlyW28MgZojkoAkJGaE8CpgeAU3oE=
go.opentelemetry.io/otel/trace v1.35.0 h1:dPpEfJu1sDIqruz7BHFG3c7528f6ddfSWfFDVt/xgMs=
go.opentelemetry.io/otel/trace v1.35.0/go.mod h1:WUk7DtFp1Aw2MkvqGdwiXYDZZNvA/1J8o6xRXLrIkyc=
golang.org/x/net v0.42.0 h1:jzkYrhi3YQWD6MLBJcsklgQsoAcw89EcZbJw8Z614hs=
golang.org/x/net v0.42.0/go.mod h1:FF1RA5d3u7nAYA4z2TkclSCKh68eSXtiFwcWQpPXdt8=
golang.org/x/text v0.27.0 h1:4fGWRpyh641NLlecmyl4LOe6yDdfaYNrGb2zdfo4JV4=
golang.org/x/text v0.27.0/go.mod h1:1D28KMCvyooCX9hBiosv5Tz/+YLxj0j7XhWjpSUF7CU=
gopkg.in/check.v1 v0.0.0-20161208181325-20d25e280405/go.mod h1:Co6ibVJAznAaIkqp8huTwlJQCZ016jof/cbN4VW5Yz0=
gopkg.in/natefinch/lumberjack.v2 v2.0.0 h1:1Lc07Kr7qY4U2YPouBjpCLxpiyxIVoxqXgkXLknAOE8=
gopkg.in/natefinch/lumberjack.v2 v2.0.0/go.mod h1:l0ndWWf7gzL7RNwBG7wST/UCcT4T24xpD6X8LsfU/+k=
gopkg.in/yaml.v3 v3.0.1 h1:fxVm/GzAzEWqLHuvctI91KS9hhNmmWOoWu0XTYJS7CA=
gopkg.in/yaml.v3 v3.0.1/go.mod h1:K4uyk7z7BCEPqu6E+C64Yfv1cQ7kz7rIZviUmN+EgEM=
